
Microsoft Visual Studio Solution File, Format Version 11.00
# Visual Studio 2010
Project("{FAE04EC0-301F-11D3-BF4B-00C04F79EFBC}") = "PortableCommonLibrary", "PortableCommonLibrary\PortableCommonLibrary.csproj", "{1D96A0FA-B833-4BD9-98CF-1D3890BBDCAF}"
EndProject
Project("{FAE04EC0-301F-11D3-BF4B-00C04F79EFBC}") = "PortableCommonLibraryUnitTests", "PortableCommonLibraryUnitTests\PortableCommonLibraryUnitTests.csproj", "{54DF4DF2-EB9B-47D7-AD83-2F4BD06297A6}"
EndProject
Global
	GlobalSection(SolutionConfigurationPlatforms) = preSolution
		Debug|Any CPU = Debug|Any CPU
		Release|Any CPU = Release|Any CPU
	EndGlobalSection
	GlobalSection(ProjectConfigurationPlatforms) = postSolution
		{1D96A0FA-B833-4BD9-98CF-1D3890BBDCAF}.Debug|Any CPU.ActiveCfg = Debug|Any CPU
		{1D96A0FA-B833-4BD9-98CF-1D3890BBDCAF}.Debug|Any CPU.Build.0 = Debug|Any CPU
		{1D96A0FA-B833-4BD9-98CF-1D3890BBDCAF}.Release|Any CPU.ActiveCfg = Release|Any CPU
		{1D96A0FA-B833-4BD9-98CF-1D3890BBDCAF}.Release|Any CPU.Build.0 = Release|Any CPU
		{54DF4DF2-EB9B-47D7-AD83-2F4BD06297A6}.Debug|Any CPU.ActiveCfg = Debug|Any CPU
		{54DF4DF2-EB9B-47D7-AD83-2F4BD06297A6}.Debug|Any CPU.Build.0 = Debug|Any CPU
		{54DF4DF2-EB9B-47D7-AD83-2F4BD06297A6}.Release|Any CPU.ActiveCfg = Release|Any CPU
		{54DF4DF2-EB9B-47D7-AD83-2F4BD06297A6}.Release|Any CPU.Build.0 = Release|Any CPU
	EndGlobalSection
	GlobalSection(MonoDevelopProperties) = preSolution
		StartupItem = PortableCommonLibrary\PortableCommonLibrary.csproj
		Policies = $0
		$0.NameConventionPolicy = $1
		$1.Rules = $2
		$2.NamingRule = $3
		$3.Name = Namespaces
		$3.AffectedEntity = Namespace
		$3.VisibilityMask = VisibilityMask
		$3.NamingStyle = PascalCase
		$3.IncludeInstanceMembers = True
		$3.IncludeStaticEntities = True
		$2.NamingRule = $4
		$4.Name = Types
		$4.AffectedEntity = Class, Struct, Enum, Delegate
		$4.VisibilityMask = Public
		$4.NamingStyle = PascalCase
		$4.IncludeInstanceMembers = True
		$4.IncludeStaticEntities = True
		$2.NamingRule = $5
		$5.Name = Interfaces
		$5.RequiredPrefixes = $6
		$6.String = I
		$5.AffectedEntity = Interface
		$5.VisibilityMask = Public
		$5.NamingStyle = PascalCase
		$5.IncludeInstanceMembers = True
		$5.IncludeStaticEntities = True
		$2.NamingRule = $7
		$7.Name = Attributes
		$7.RequiredSuffixes = $8
		$8.String = Attribute
		$7.AffectedEntity = CustomAttributes
		$7.VisibilityMask = Public
		$7.NamingStyle = PascalCase
		$7.IncludeInstanceMembers = True
		$7.IncludeStaticEntities = True
		$2.NamingRule = $9
		$9.Name = Event Arguments
		$9.RequiredSuffixes = $10
		$10.String = EventArgs
		$9.AffectedEntity = CustomEventArgs
		$9.VisibilityMask = Public
		$9.NamingStyle = PascalCase
		$9.IncludeInstanceMembers = True
		$9.IncludeStaticEntities = True
		$2.NamingRule = $11
		$11.Name = Exceptions
		$11.RequiredSuffixes = $12
		$12.String = Exception
		$11.AffectedEntity = CustomExceptions
		$11.VisibilityMask = VisibilityMask
		$11.NamingStyle = PascalCase
		$11.IncludeInstanceMembers = True
		$11.IncludeStaticEntities = True
		$2.NamingRule = $13
		$13.Name = Methods
		$13.AffectedEntity = Methods
		$13.VisibilityMask = Protected, Public
		$13.NamingStyle = PascalCase
		$13.IncludeInstanceMembers = True
		$13.IncludeStaticEntities = True
		$2.NamingRule = $14
		$14.Name = Static Readonly Fields
		$14.AffectedEntity = ReadonlyField
		$14.VisibilityMask = Protected, Public
		$14.NamingStyle = PascalCase
		$14.IncludeInstanceMembers = False
		$14.IncludeStaticEntities = True
		$2.NamingRule = $15
		$15.Name = Fields
		$15.AffectedEntity = Field
		$15.VisibilityMask = Protected, Public
		$15.NamingStyle = PascalCase
		$15.IncludeInstanceMembers = True
		$15.IncludeStaticEntities = True
		$2.NamingRule = $16
		$16.Name = ReadOnly Fields
		$16.AffectedEntity = ReadonlyField
		$16.VisibilityMask = Protected, Public
		$16.NamingStyle = PascalCase
		$16.IncludeInstanceMembers = True
		$16.IncludeStaticEntities = False
		$2.NamingRule = $17
		$17.Name = Constant Fields
		$17.AffectedEntity = ConstantField
		$17.VisibilityMask = Protected, Public
		$17.NamingStyle = PascalCase
		$17.IncludeInstanceMembers = True
		$17.IncludeStaticEntities = True
		$2.NamingRule = $18
		$18.Name = Properties
		$18.AffectedEntity = Property
		$18.VisibilityMask = Protected, Public
		$18.NamingStyle = PascalCase
		$18.IncludeInstanceMembers = True
		$18.IncludeStaticEntities = True
		$2.NamingRule = $19
		$19.Name = Events
		$19.AffectedEntity = Event
		$19.VisibilityMask = Protected, Public
		$19.NamingStyle = PascalCase
		$19.IncludeInstanceMembers = True
		$19.IncludeStaticEntities = True
		$2.NamingRule = $20
		$20.Name = Enum Members
		$20.AffectedEntity = EnumMember
		$20.VisibilityMask = VisibilityMask
		$20.NamingStyle = PascalCase
		$20.IncludeInstanceMembers = True
		$20.IncludeStaticEntities = True
		$2.NamingRule = $21
		$21.Name = Parameters
		$21.AffectedEntity = Parameter
		$21.VisibilityMask = VisibilityMask
		$21.NamingStyle = CamelCase
		$21.IncludeInstanceMembers = True
		$21.IncludeStaticEntities = True
		$2.NamingRule = $22
		$22.Name = Type Parameters
		$22.RequiredPrefixes = $23
		$23.String = T
		$22.AffectedEntity = TypeParameter
		$22.VisibilityMask = VisibilityMask
		$22.NamingStyle = PascalCase
		$22.IncludeInstanceMembers = True
		$22.IncludeStaticEntities = True
		$2.NamingRule = $24
		$24.Name = Private Member
		$24.RequiredPrefixes = $25
		$25.String = _
		$24.AffectedEntity = Field
		$24.VisibilityMask = Private
		$24.NamingStyle = CamelCase
		$24.IncludeInstanceMembers = True
		$24.IncludeStaticEntities = True
		$2.NamingRule = $26
		$26.Name = Private Member
		$26.RequiredPrefixes = $27
		$27.String = _
		$26.AffectedEntity = Field
		$26.VisibilityMask = Private
		$26.NamingStyle = CamelCase
		$26.IncludeInstanceMembers = True
		$26.IncludeStaticEntities = True
		$0.DotNetNamingPolicy = $28
		$28.DirectoryNamespaceAssociation = None
		$28.ResourceNamePolicy = FileFormatDefault
		$0.TextStylePolicy = $29
		$29.inheritsSet = null
		$29.scope = text/x-csharp
		$0.CSharpFormattingPolicy = $30
		$30.AnonymousMethodBraceStyle = NextLine
		$30.PropertyBraceStyle = NextLine
		$30.PropertyGetBraceStyle = NextLine
		$30.PropertySetBraceStyle = NextLine
		$30.EventBraceStyle = NextLine
		$30.EventAddBraceStyle = NextLine
		$30.EventRemoveBraceStyle = NextLine
		$30.StatementBraceStyle = NextLine
		$30.ElseNewLinePlacement = NewLine
		$30.CatchNewLinePlacement = NewLine
		$30.FinallyNewLinePlacement = NewLine
		$30.AfterDelegateDeclarationParameterComma = True
		$30.AlignToFirstMethodCallArgument = True
		$30.AlignToFirstIndexerArgument = True
		$30.inheritsSet = Mono
		$30.inheritsScope = text/x-csharp
		$30.scope = text/x-csharp
		$0.TextStylePolicy = $31
		$31.FileWidth = 120
		$31.TabsToSpaces = False
		$31.inheritsSet = VisualStudio
		$31.inheritsScope = text/plain
		$31.scope = text/plain
		$0.VersionControlPolicy = $32
		$32.inheritsSet = Mono
		$0.ChangeLogPolicy = $33
		$33.UpdateMode = None
		$33.MessageStyle = $34
		$34.LineAlign = 0
		$33.inheritsSet = Mono
	EndGlobalSection
EndGlobal
